
Microsoft Visual Studio Solution File, Format Version 12.00
# Visual Studio 2012
Project("{FAE04EC0-301F-11D3-BF4B-00C04F79EFBC}") = "Website", "Website\Website.csproj", "{71751577-4CC8-4509-8BCD-E3EA5799CA4E}"
EndProject
Project("{FAE04EC0-301F-11D3-BF4B-00C04F79EFBC}") = "Sitecore.ItemBuckets", "..\Sitecore.ItemBuckets\Sitecore.ItemBuckets.csproj", "{00266930-67CD-45CC-A941-C76B78CF14A3}"
EndProject
Project("{FAE04EC0-301F-11D3-BF4B-00C04F79EFBC}") = "Tests", "..\Tests\Tests.csproj", "{CAC24F96-C735-4810-A3DE-429CCF6DEB9B}"
EndProject
Global
	GlobalSection(SolutionConfigurationPlatforms) = preSolution
		Debug|Any CPU = Debug|Any CPU
		Release|Any CPU = Release|Any CPU
	EndGlobalSection
	GlobalSection(ProjectConfigurationPlatforms) = postSolution
		{71751577-4CC8-4509-8BCD-E3EA5799CA4E}.Debug|Any CPU.ActiveCfg = Debug|Any CPU
		{71751577-4CC8-4509-8BCD-E3EA5799CA4E}.Debug|Any CPU.Build.0 = Debug|Any CPU
		{71751577-4CC8-4509-8BCD-E3EA5799CA4E}.Release|Any CPU.ActiveCfg = Release|Any CPU
		{71751577-4CC8-4509-8BCD-E3EA5799CA4E}.Release|Any CPU.Build.0 = Release|Any CPU
		{00266930-67CD-45CC-A941-C76B78CF14A3}.Debug|Any CPU.ActiveCfg = Debug|Any CPU
		{00266930-67CD-45CC-A941-C76B78CF14A3}.Debug|Any CPU.Build.0 = Debug|Any CPU
		{00266930-67CD-45CC-A941-C76B78CF14A3}.Release|Any CPU.ActiveCfg = Release|Any CPU
		{00266930-67CD-45CC-A941-C76B78CF14A3}.Release|Any CPU.Build.0 = Release|Any CPU
		{CAC24F96-C735-4810-A3DE-429CCF6DEB9B}.Debug|Any CPU.ActiveCfg = Debug|Any CPU
		{CAC24F96-C735-4810-A3DE-429CCF6DEB9B}.Debug|Any CPU.Build.0 = Debug|Any CPU
		{CAC24F96-C735-4810-A3DE-429CCF6DEB9B}.Release|Any CPU.ActiveCfg = Release|Any CPU
		{CAC24F96-C735-4810-A3DE-429CCF6DEB9B}.Release|Any CPU.Build.0 = Release|Any CPU
	EndGlobalSection
	GlobalSection(SolutionProperties) = preSolution
		HideSolutionNode = FALSE
	EndGlobalSection
EndGlobal
